
Microsoft Visual Studio Solution File, Format Version 12.00
# Visual Studio Version 16
VisualStudioVersion = 16.0.32413.511
MinimumVisualStudioVersion = 10.0.40219.1
Project("{FAE04EC0-301F-11D3-BF4B-00C04F79EFBC}") = "PromericaWebApp", "PromericaWebApp\PromericaWebApp.csproj", "{0FBE3BB8-F471-4117-B139-D001ADE7041B}"
EndProject
Global
	GlobalSection(SolutionConfigurationPlatforms) = preSolution
		Debug|Any CPU = Debug|Any CPU
		Release|Any CPU = Release|Any CPU
	EndGlobalSection
	GlobalSection(ProjectConfigurationPlatforms) = postSolution
		{0FBE3BB8-F471-4117-B139-D001ADE7041B}.Debug|Any CPU.ActiveCfg = Debug|Any CPU
		{0FBE3BB8-F471-4117-B139-D001ADE7041B}.Debug|Any CPU.Build.0 = Debug|Any CPU
		{0FBE3BB8-F471-4117-B139-D001ADE7041B}.Release|Any CPU.ActiveCfg = Release|Any CPU
		{0FBE3BB8-F471-4117-B139-D001ADE7041B}.Release|Any CPU.Build.0 = Release|Any CPU
	EndGlobalSection
	GlobalSection(SolutionProperties) = preSolution
		HideSolutionNode = FALSE
	EndGlobalSection
	GlobalSection(ExtensibilityGlobals) = postSolution
		SolutionGuid = {8075140C-F49C-4ACE-81B4-10A48DD49B7E}
	EndGlobalSection
EndGlobal
